
Microsoft Visual Studio Solution File, Format Version 12.00
# Visual Studio Version 17
VisualStudioVersion = 17.7.34302.85
MinimumVisualStudioVersion = 10.0.40219.1
Project("{FAE04EC0-301F-11D3-BF4B-00C04F79EFBC}") = "ExamenProgreso3-Disenio", "ExamenProgreso3-Disenio.csproj", "{4624A13E-CF4E-4629-BA20-E62AF3F1D237}"
EndProject
Global
	GlobalSection(SolutionConfigurationPlatforms) = preSolution
		Debug|Any CPU = Debug|Any CPU
		Release|Any CPU = Release|Any CPU
	EndGlobalSection
	GlobalSection(ProjectConfigurationPlatforms) = postSolution
		{4624A13E-CF4E-4629-BA20-E62AF3F1D237}.Debug|Any CPU.ActiveCfg = Debug|Any CPU
		{4624A13E-CF4E-4629-BA20-E62AF3F1D237}.Debug|Any CPU.Build.0 = Debug|Any CPU
		{4624A13E-CF4E-4629-BA20-E62AF3F1D237}.Debug|Any CPU.Deploy.0 = Debug|Any CPU
		{4624A13E-CF4E-4629-BA20-E62AF3F1D237}.Release|Any CPU.ActiveCfg = Release|Any CPU
		{4624A13E-CF4E-4629-BA20-E62AF3F1D237}.Release|Any CPU.Build.0 = Release|Any CPU
		{4624A13E-CF4E-4629-BA20-E62AF3F1D237}.Release|Any CPU.Deploy.0 = Release|Any CPU
	EndGlobalSection
	GlobalSection(SolutionProperties) = preSolution
		HideSolutionNode = FALSE
	EndGlobalSection
	GlobalSection(ExtensibilityGlobals) = postSolution
		SolutionGuid = {92D8E80C-9DB3-428B-B8BE-3C9AF9F07BCA}
	EndGlobalSection
EndGlobal
